{
  "originHash" : "23641ac3b62167bfa34d678e7bb8cb674797031c2ce490a1199ea05e7e0792e6",
  "pins" : [
    {
      "identity" : "anomalydetection-swift",
      "kind" : "remoteSourceControl",
      "location" : "https://github.com/ambeckley/AnomalyDetection-Swift",
      "state" : {
        "branch" : "main",
        "revision" : "897d2cc86119bf2c4baec3ce86b2196813c7a480"
      }
    },
    {
      "identity" : "normal-and-student-t-distributions-swift",
      "kind" : "remoteSourceControl",
      "location" : "https://github.com/ambeckley/Normal-and-Student-T-distributions-Swift",
      "state" : {
        "branch" : "main",
        "revision" : "1fc223039236e754fa730b46d3f2861b3c3945f1"
      }
    },
    {
      "identity" : "seasonal-trends-decomposition-stl-swift",
      "kind" : "remoteSourceControl",
      "location" : "https://github.com/ambeckley/Seasonal-Trends-Decomposition-STL-Swift",
      "state" : {
        "branch" : "main",
        "revision" : "dec98db36a04e5f9210ec80009705b336f7a29c3"
      }
    }
  ],
  "version" : 3
}
